# This file is automatically @generated by Cargo.
# It is not intended for manual editing.
version = 3

[[package]]
name = "lower"
version = "0.1.0"
source = "git+ssh://git@github.com/StyMaar/repro_cargo_lower?rev=29b8ca3#29b8ca3e7233cf36f90655e9d1703b6b7c0c5c56"

[[package]]
name = "upper"
version = "0.1.0"
dependencies = [
 "lower",
]
