# This file is automatically @generated by Cargo.
# It is not intended for manual editing.
version = 3

[[package]]
name = "lower"
version = "0.1.0"
source = "git+ssh://git@github.com/StyMaar/repro_cargo_lower#5914befb63196597c42d3fe1775e736b0d6bcf6e"

[[package]]
name = "upper"
version = "0.1.0"
dependencies = [
 "lower",
]
