# This file is automatically @generated by Cargo.
# It is not intended for manual editing.
version = 3

[[package]]
name = "lower"
version = "0.1.0"
source = "git+ssh://git@github.com/StyMaar/repro_cargo_lower?rev=3cd9c5c#3cd9c5cebfebd9a20df8c7e031d6ff20ae4b7fef"

[[package]]
name = "upper"
version = "0.1.0"
dependencies = [
 "lower",
]
